// !$*UTF8*$!
{
	archiveVersion = 1;
	classes = {
	};
	objectVersion = 50;
	objects = {

/* Begin PBXBuildFile section */
		7A250BC023C64A9C00087B1D /* AppDelegate.swift in Sources */ = {isa = PBXBuildFile; fileRef = 7A250BBF23C64A9C00087B1D /* AppDelegate.swift */; };
		7A250BC223C64A9C00087B1D /* SceneDelegate.swift in Sources */ = {isa = PBXBuildFile; fileRef = 7A250BC123C64A9C00087B1D /* SceneDelegate.swift */; };
		7A250BC423C64A9C00087B1D /* ViewController.swift in Sources */ = {isa = PBXBuildFile; fileRef = 7A250BC323C64A9C00087B1D /* ViewController.swift */; };
		7A250BC723C64A9C00087B1D /* Main.storyboard in Resources */ = {isa = PBXBuildFile; fileRef = 7A250BC523C64A9C00087B1D /* Main.storyboard */; };
		7A250BC923C64AA100087B1D /* Assets.xcassets in Resources */ = {isa = PBXBuildFile; fileRef = 7A250BC823C64AA100087B1D /* Assets.xcassets */; };
		7A250BCC23C64AA100087B1D /* LaunchScreen.storyboard in Resources */ = {isa = PBXBuildFile; fileRef = 7A250BCA23C64AA100087B1D /* LaunchScreen.storyboard */; };
		7A250BD723C64AA100087B1D /* test2020Tests.swift in Sources */ = {isa = PBXBuildFile; fileRef = 7A250BD623C64AA100087B1D /* test2020Tests.swift */; };
/* End PBXBuildFile section */

/* Begin PBXContainerItemProxy section */
		7A250BD323C64AA100087B1D /* PBXContainerItemProxy */ = {
			isa = PBXContainerItemProxy;
			containerPortal = 7A250BB423C64A9C00087B1D /* Project object */;
			proxyType = 1;
			remoteGlobalIDString = 7A250BBB23C64A9C00087B1D;
			remoteInfo = test2020;
		};
/* End PBXContainerItemProxy section */

/* Begin PBXFileReference section */
		7A250BBC23C64A9C00087B1D /* test2020.app */ = {isa = PBXFileReference; explicitFileType = wrapper.application; includeInIndex = 0; path = test2020.app; sourceTree = BUILT_PRODUCTS_DIR; };
		7A250BBF23C64A9C00087B1D /* AppDelegate.swift */ = {isa = PBXFileReference; lastKnownFileType = sourcecode.swift; path = AppDelegate.swift; sourceTree = "<group>"; };
		7A250BC123C64A9C00087B1D /* SceneDelegate.swift */ = {isa = PBXFileReference; lastKnownFileType = sourcecode.swift; path = SceneDelegate.swift; sourceTree = "<group>"; };
		7A250BC323C64A9C00087B1D /* ViewController.swift */ = {isa = PBXFileReference; lastKnownFileType = sourcecode.swift; path = ViewController.swift; sourceTree = "<group>"; };
		7A250BC623C64A9C00087B1D /* Base */ = {isa = PBXFileReference; lastKnownFileType = file.storyboard; name = Base; path = Base.lproj/Main.storyboard; sourceTree = "<group>"; };
		7A250BC823C64AA100087B1D /* Assets.xcassets */ = {isa = PBXFileReference; lastKnownFileType = folder.assetcatalog; path = Assets.xcassets; sourceTree = "<group>"; };
		7A250BCB23C64AA100087B1D /* Base */ = {isa = PBXFileReference; lastKnownFileType = file.storyboard; name = Base; path = Base.lproj/LaunchScreen.storyboard; sourceTree = "<group>"; };
		7A250BCD23C64AA100087B1D /* Info.plist */ = {isa = PBXFileReference; lastKnownFileType = text.plist.xml; path = Info.plist; sourceTree = "<group>"; };
		7A250BD223C64AA100087B1D /* test2020Tests.xctest */ = {isa = PBXFileReference; explicitFileType = wrapper.cfbundle; includeInIndex = 0; path = test2020Tests.xctest; sourceTree = BUILT_PRODUCTS_DIR; };
		7A250BD623C64AA100087B1D /* test2020Tests.swift */ = {isa = PBXFileReference; lastKnownFileType = sourcecode.swift; path = test2020Tests.swift; sourceTree = "<group>"; };
		7A250BD823C64AA100087B1D /* Info.plist */ = {isa = PBXFileReference; lastKnownFileType = text.plist.xml; path = Info.plist; sourceTree = "<group>"; };
/* End PBXFileReference section */

/* Begin PBXFrameworksBuildPhase section */
		7A250BB923C64A9C00087B1D /* Frameworks */ = {
			isa = PBXFrameworksBuildPhase;
			buildActionMask = 2147483647;
			files = (
			);
			runOnlyForDeploymentPostprocessing = 0;
		};
		7A250BCF23C64AA100087B1D /* Frameworks */ = {
			isa = PBXFrameworksBuildPhase;
			buildActionMask = 2147483647;
			files = (
			);
			runOnlyForDeploymentPostprocessing = 0;
		};
/* End PBXFrameworksBuildPhase section */

/* Begin PBXGroup section */
		7A250BB323C64A9C00087B1D = {
			isa = PBXGroup;
			children = (
				7A250BBE23C64A9C00087B1D /* test2020 */,
				7A250BD523C64AA100087B1D /* test2020Tests */,
				7A250BBD23C64A9C00087B1D /* Products */,
			);
			sourceTree = "<group>";
		};
		7A250BBD23C64A9C00087B1D /* Products */ = {
			isa = PBXGroup;
			children = (
				7A250BBC23C64A9C00087B1D /* test2020.app */,
				7A250BD223C64AA100087B1D /* test2020Tests.xctest */,
			);
			name = Products;
			sourceTree = "<group>";
		};
		7A250BBE23C64A9C00087B1D /* test2020 */ = {
			isa = PBXGroup;
			children = (
				7A250BBF23C64A9C00087B1D /* AppDelegate.swift */,
				7A250BC123C64A9C00087B1D /* SceneDelegate.swift */,
				7A250BC323C64A9C00087B1D /* ViewController.swift */,
				7A250BC523C64A9C00087B1D /* Main.storyboard */,
				7A250BC823C64AA100087B1D /* Assets.xcassets */,
				7A250BCA23C64AA100087B1D /* LaunchScreen.storyboard */,
				7A250BCD23C64AA100087B1D /* Info.plist */,
			);
			path = test2020;
			sourceTree = "<group>";
		};
		7A250BD523C64AA100087B1D /* test2020Tests */ = {
			isa = PBXGroup;
			children = (
				7A250BD623C64AA100087B1D /* test2020Tests.swift */,
				7A250BD823C64AA100087B1D /* Info.plist */,
			);
			path = test2020Tests;
			sourceTree = "<group>";
		};
/* End PBXGroup section */

/* Begin PBXNativeTarget section */
		7A250BBB23C64A9C00087B1D /* test2020 */ = {
			isa = PBXNativeTarget;
			buildConfigurationList = 7A250BDB23C64AA100087B1D /* Build configuration list for PBXNativeTarget "test2020" */;
			buildPhases = (
				7A250BB823C64A9C00087B1D /* Sources */,
				7A250BB923C64A9C00087B1D /* Frameworks */,
				7A250BBA23C64A9C00087B1D /* Resources */,
			);
			buildRules = (
			);
			dependencies = (
			);
			name = test2020;
			productName = test2020;
			productReference = 7A250BBC23C64A9C00087B1D /* test2020.app */;
			productType = "com.apple.product-type.application";
		};
		7A250BD123C64AA100087B1D /* test2020Tests */ = {
			isa = PBXNativeTarget;
			buildConfigurationList = 7A250BDE23C64AA100087B1D /* Build configuration list for PBXNativeTarget "test2020Tests" */;
			buildPhases = (
				7A250BCE23C64AA100087B1D /* Sources */,
				7A250BCF23C64AA100087B1D /* Frameworks */,
				7A250BD023C64AA100087B1D /* Resources */,
			);
			buildRules = (
			);
			dependencies = (
				7A250BD423C64AA100087B1D /* PBXTargetDependency */,
			);
			name = test2020Tests;
			productName = test2020Tests;
			productReference = 7A250BD223C64AA100087B1D /* test2020Tests.xctest */;
			productType = "com.apple.product-type.bundle.unit-test";
		};
/* End PBXNativeTarget section */

/* Begin PBXProject section */
		7A250BB423C64A9C00087B1D /* Project object */ = {
			isa = PBXProject;
			attributes = {
				LastSwiftUpdateCheck = 1130;
				LastUpgradeCheck = 1130;
				ORGANIZATIONNAME = "cylia boukhiba";
				TargetAttributes = {
					7A250BBB23C64A9C00087B1D = {
						CreatedOnToolsVersion = 11.3;
					};
					7A250BD123C64AA100087B1D = {
						CreatedOnToolsVersion = 11.3;
						TestTargetID = 7A250BBB23C64A9C00087B1D;
					};
				};
			};
			buildConfigurationList = 7A250BB723C64A9C00087B1D /* Build configuration list for PBXProject "test2020" */;
			compatibilityVersion = "Xcode 9.3";
			developmentRegion = en;
			hasScannedForEncodings = 0;
			knownRegions = (
				en,
				Base,
			);
			mainGroup = 7A250BB323C64A9C00087B1D;
			productRefGroup = 7A250BBD23C64A9C00087B1D /* Products */;
			projectDirPath = "";
			projectRoot = "";
			targets = (
				7A250BBB23C64A9C00087B1D /* test2020 */,
				7A250BD123C64AA100087B1D /* test2020Tests */,
			);
		};
/* End PBXProject section */

/* Begin PBXResourcesBuildPhase section */
		7A250BBA23C64A9C00087B1D /* Resources */ = {
			isa = PBXResourcesBuildPhase;
			buildActionMask = 2147483647;
			files = (
				7A250BCC23C64AA100087B1D /* LaunchScreen.storyboard in Resources */,
				7A250BC923C64AA100087B1D /* Assets.xcassets in Resources */,
				7A250BC723C64A9C00087B1D /* Main.storyboard in Resources */,
			);
			runOnlyForDeploymentPostprocessing = 0;
		};
		7A250BD023C64AA100087B1D /* Resources */ = {
			isa = PBXResourcesBuildPhase;
			buildActionMask = 2147483647;
			files = (
			);
			runOnlyForDeploymentPostprocessing = 0;
		};
/* End PBXResourcesBuildPhase section */

/* Begin PBXSourcesBuildPhase section */
		7A250BB823C64A9C00087B1D /* Sources */ = {
			isa = PBXSourcesBuildPhase;
			buildActionMask = 2147483647;
			files = (
				7A250BC423C64A9C00087B1D /* ViewController.swift in Sources */,
				7A250BC023C64A9C00087B1D /* AppDelegate.swift in Sources */,
				7A250BC223C64A9C00087B1D /* SceneDelegate.swift in Sources */,
			);
			runOnlyForDeploymentPostprocessing = 0;
		};
		7A250BCE23C64AA100087B1D /* Sources */ = {
			isa = PBXSourcesBuildPhase;
			buildActionMask = 2147483647;
			files = (
				7A250BD723C64AA100087B1D /* test2020Tests.swift in Sources */,
			);
			runOnlyForDeploymentPostprocessing = 0;
		};
/* End PBXSourcesBuildPhase section */

/* Begin PBXTargetDependency section */
		7A250BD423C64AA100087B1D /* PBXTargetDependency */ = {
			isa = PBXTargetDependency;
			target = 7A250BBB23C64A9C00087B1D /* test2020 */;
			targetProxy = 7A250BD323C64AA100087B1D /* PBXContainerItemProxy */;
		};
/* End PBXTargetDependency section */

/* Begin PBXVariantGroup section */
		7A250BC523C64A9C00087B1D /* Main.storyboard */ = {
			isa = PBXVariantGroup;
			children = (
				7A250BC623C64A9C00087B1D /* Base */,
			);
			name = Main.storyboard;
			sourceTree = "<group>";
		};
		7A250BCA23C64AA100087B1D /* LaunchScreen.storyboard */ = {
			isa = PBXVariantGroup;
			children = (
				7A250BCB23C64AA100087B1D /* Base */,
			);
			name = LaunchScreen.storyboard;
			sourceTree = "<group>";
		};
/* End PBXVariantGroup section */

/* Begin XCBuildConfiguration section */
		7A250BD923C64AA100087B1D /* Debug */ = {
			isa = XCBuildConfiguration;
			buildSettings = {
				ALWAYS_SEARCH_USER_PATHS = NO;
				CLANG_ANALYZER_NONNULL = YES;
				CLANG_ANALYZER_NUMBER_OBJECT_CONVERSION = YES_AGGRESSIVE;
				CLANG_CXX_LANGUAGE_STANDARD = "gnu++14";
				CLANG_CXX_LIBRARY = "libc++";
				CLANG_ENABLE_MODULES = YES;
				CLANG_ENABLE_OBJC_ARC = YES;
				CLANG_ENABLE_OBJC_WEAK = YES;
				CLANG_WARN_BLOCK_CAPTURE_AUTORELEASING = YES;
				CLANG_WARN_BOOL_CONVERSION = YES;
				CLANG_WARN_COMMA = YES;
				CLANG_WARN_CONSTANT_CONVERSION = YES;
				CLANG_WARN_DEPRECATED_OBJC_IMPLEMENTATIONS = YES;
				CLANG_WARN_DIRECT_OBJC_ISA_USAGE = YES_ERROR;
				CLANG_WARN_DOCUMENTATION_COMMENTS = YES;
				CLANG_WARN_EMPTY_BODY = YES;
				CLANG_WARN_ENUM_CONVERSION = YES;
				CLANG_WARN_INFINITE_RECURSION = YES;
				CLANG_WARN_INT_CONVERSION = YES;
				CLANG_WARN_NON_LITERAL_NULL_CONVERSION = YES;
				CLANG_WARN_OBJC_IMPLICIT_RETAIN_SELF = YES;
				CLANG_WARN_OBJC_LITERAL_CONVERSION = YES;
				CLANG_WARN_OBJC_ROOT_CLASS = YES_ERROR;
				CLANG_WARN_RANGE_LOOP_ANALYSIS = YES;
				CLANG_WARN_STRICT_PROTOTYPES = YES;
				CLANG_WARN_SUSPICIOUS_MOVE = YES;
				CLANG_WARN_UNGUARDED_AVAILABILITY = YES_AGGRESSIVE;
				CLANG_WARN_UNREACHABLE_CODE = YES;
				CLANG_WARN__DUPLICATE_METHOD_MATCH = YES;
				COPY_PHASE_STRIP = NO;
				DEBUG_INFORMATION_FORMAT = dwarf;
				ENABLE_STRICT_OBJC_MSGSEND = YES;
				ENABLE_TESTABILITY = YES;
				GCC_C_LANGUAGE_STANDARD = gnu11;
				GCC_DYNAMIC_NO_PIC = NO;
				GCC_NO_COMMON_BLOCKS = YES;
				GCC_OPTIMIZATION_LEVEL = 0;
				GCC_PREPROCESSOR_DEFINITIONS = (
					"DEBUG=1",
					"$(inherited)",
				);
				GCC_WARN_64_TO_32_BIT_CONVERSION = YES;
				GCC_WARN_ABOUT_RETURN_TYPE = YES_ERROR;
				GCC_WARN_UNDECLARED_SELECTOR = YES;
				GCC_WARN_UNINITIALIZED_AUTOS = YES_AGGRESSIVE;
				GCC_WARN_UNUSED_FUNCTION = YES;
				GCC_WARN_UNUSED_VARIABLE = YES;
				IPHONEOS_DEPLOYMENT_TARGET = 13.2;
				MTL_ENABLE_DEBUG_INFO = INCLUDE_SOURCE;
				MTL_FAST_MATH = YES;
				ONLY_ACTIVE_ARCH = YES;
				SDKROOT = iphoneos;
				SWIFT_ACTIVE_COMPILATION_CONDITIONS = DEBUG;
				SWIFT_OPTIMIZATION_LEVEL = "-Onone";
			};
			name = Debug;
		};
		7A250BDA23C64AA100087B1D /* Release */ = {
			isa = XCBuildConfiguration;
			buildSettings = {
				ALWAYS_SEARCH_USER_PATHS = NO;
				CLANG_ANALYZER_NONNULL = YES;
				CLANG_ANALYZER_NUMBER_OBJECT_CONVERSION = YES_AGGRESSIVE;
				CLANG_CXX_LANGUAGE_STANDARD = "gnu++14";
				CLANG_CXX_LIBRARY = "libc++";
				CLANG_ENABLE_MODULES = YES;
				CLANG_ENABLE_OBJC_ARC = YES;
				CLANG_ENABLE_OBJC_WEAK = YES;
				CLANG_WARN_BLOCK_CAPTURE_AUTORELEASING = YES;
				CLANG_WARN_BOOL_CONVERSION = YES;
				CLANG_WARN_COMMA = YES;
				CLANG_WARN_CONSTANT_CONVERSION = YES;
				CLANG_WARN_DEPRECATED_OBJC_IMPLEMENTATIONS = YES;
				CLANG_WARN_DIRECT_OBJC_ISA_USAGE = YES_ERROR;
				CLANG_WARN_DOCUMENTATION_COMMENTS = YES;
				CLANG_WARN_EMPTY_BODY = YES;
				CLANG_WARN_ENUM_CONVERSION = YES;
				CLANG_WARN_INFINITE_RECURSION = YES;
				CLANG_WARN_INT_CONVERSION = YES;
				CLANG_WARN_NON_LITERAL_NULL_CONVERSION = YES;
				CLANG_WARN_OBJC_IMPLICIT_RETAIN_SELF = YES;
				CLANG_WARN_OBJC_LITERAL_CONVERSION = YES;
				CLANG_WARN_OBJC_ROOT_CLASS = YES_ERROR;
				CLANG_WARN_RANGE_LOOP_ANALYSIS = YES;
				CLANG_WARN_STRICT_PROTOTYPES = YES;
				CLANG_WARN_SUSPICIOUS_MOVE = YES;
				CLANG_WARN_UNGUARDED_AVAILABILITY = YES_AGGRESSIVE;
				CLANG_WARN_UNREACHABLE_CODE = YES;
				CLANG_WARN__DUPLICATE_METHOD_MATCH = YES;
				COPY_PHASE_STRIP = NO;
				DEBUG_INFORMATION_FORMAT = "dwarf-with-dsym";
				ENABLE_NS_ASSERTIONS = NO;
				ENABLE_STRICT_OBJC_MSGSEND = YES;
				GCC_C_LANGUAGE_STANDARD = gnu11;
				GCC_NO_COMMON_BLOCKS = YES;
				GCC_WARN_64_TO_32_BIT_CONVERSION = YES;
				GCC_WARN_ABOUT_RETURN_TYPE = YES_ERROR;
				GCC_WARN_UNDECLARED_SELECTOR = YES;
				GCC_WARN_UNINITIALIZED_AUTOS = YES_AGGRESSIVE;
				GCC_WARN_UNUSED_FUNCTION = YES;
				GCC_WARN_UNUSED_VARIABLE = YES;
				IPHONEOS_DEPLOYMENT_TARGET = 13.2;
				MTL_ENABLE_DEBUG_INFO = NO;
				MTL_FAST_MATH = YES;
				SDKROOT = iphoneos;
				SWIFT_COMPILATION_MODE = wholemodule;
				SWIFT_OPTIMIZATION_LEVEL = "-O";
				VALIDATE_PRODUCT = YES;
			};
			name = Release;
		};
		7A250BDC23C64AA100087B1D /* Debug */ = {
			isa = XCBuildConfiguration;
			buildSettings = {
				ASSETCATALOG_COMPILER_APPICON_NAME = AppIcon;
				CODE_SIGN_STYLE = Automatic;
				INFOPLIST_FILE = test2020/Info.plist;
				LD_RUNPATH_SEARCH_PATHS = (
					"$(inherited)",
					"@executable_path/Frameworks",
				);
				PRODUCT_BUNDLE_IDENTIFIER = esgi.test2020;
				PRODUCT_NAME = "$(TARGET_NAME)";
				SWIFT_VERSION = 5.0;
				TARGETED_DEVICE_FAMILY = "1,2";
			};
			name = Debug;
		};
		7A250BDD23C64AA100087B1D /* Release */ = {
			isa = XCBuildConfiguration;
			buildSettings = {
				ASSETCATALOG_COMPILER_APPICON_NAME = AppIcon;
				CODE_SIGN_STYLE = Automatic;
				INFOPLIST_FILE = test2020/Info.plist;
				LD_RUNPATH_SEARCH_PATHS = (
					"$(inherited)",
					"@executable_path/Frameworks",
				);
				PRODUCT_BUNDLE_IDENTIFIER = esgi.test2020;
				PRODUCT_NAME = "$(TARGET_NAME)";
				SWIFT_VERSION = 5.0;
				TARGETED_DEVICE_FAMILY = "1,2";
			};
			name = Release;
		};
		7A250BDF23C64AA100087B1D /* Debug */ = {
			isa = XCBuildConfiguration;
			buildSettings = {
				ALWAYS_EMBED_SWIFT_STANDARD_LIBRARIES = YES;
				BUNDLE_LOADER = "$(TEST_HOST)";
				CODE_SIGN_STYLE = Automatic;
				INFOPLIST_FILE = test2020Tests/Info.plist;
				IPHONEOS_DEPLOYMENT_TARGET = 13.2;
				LD_RUNPATH_SEARCH_PATHS = (
					"$(inherited)",
					"@executable_path/Frameworks",
					"@loader_path/Frameworks",
				);
				PRODUCT_BUNDLE_IDENTIFIER = esgi.test2020Tests;
				PRODUCT_NAME = "$(TARGET_NAME)";
				SWIFT_VERSION = 5.0;
				TARGETED_DEVICE_FAMILY = "1,2";
				TEST_HOST = "$(BUILT_PRODUCTS_DIR)/test2020.app/test2020";
			};
			name = Debug;
		};
		7A250BE023C64AA100087B1D /* Release */ = {
			isa = XCBuildConfiguration;
			buildSettings = {
				ALWAYS_EMBED_SWIFT_STANDARD_LIBRARIES = YES;
				BUNDLE_LOADER = "$(TEST_HOST)";
				CODE_SIGN_STYLE = Automatic;
				INFOPLIST_FILE = test2020Tests/Info.plist;
				IPHONEOS_DEPLOYMENT_TARGET = 13.2;
				LD_RUNPATH_SEARCH_PATHS = (
					"$(inherited)",
					"@executable_path/Frameworks",
					"@loader_path/Frameworks",
				);
				PRODUCT_BUNDLE_IDENTIFIER = esgi.test2020Tests;
				PRODUCT_NAME = "$(TARGET_NAME)";
				SWIFT_VERSION = 5.0;
				TARGETED_DEVICE_FAMILY = "1,2";
				TEST_HOST = "$(BUILT_PRODUCTS_DIR)/test2020.app/test2020";
			};
			name = Release;
		};
/* End XCBuildConfiguration section */

/* Begin XCConfigurationList section */
		7A250BB723C64A9C00087B1D /* Build configuration list for PBXProject "test2020" */ = {
			isa = XCConfigurationList;
			buildConfigurations = (
				7A250BD923C64AA100087B1D /* Debug */,
				7A250BDA23C64AA100087B1D /* Release */,
			);
			defaultConfigurationIsVisible = 0;
			defaultConfigurationName = Release;
		};
		7A250BDB23C64AA100087B1D /* Build configuration list for PBXNativeTarget "test2020" */ = {
			isa = XCConfigurationList;
			buildConfigurations = (
				7A250BDC23C64AA100087B1D /* Debug */,
				7A250BDD23C64AA100087B1D /* Release */,
			);
			defaultConfigurationIsVisible = 0;
			defaultConfigurationName = Release;
		};
		7A250BDE23C64AA100087B1D /* Build configuration list for PBXNativeTarget "test2020Tests" */ = {
			isa = XCConfigurationList;
			buildConfigurations = (
				7A250BDF23C64AA100087B1D /* Debug */,
				7A250BE023C64AA100087B1D /* Release */,
			);
			defaultConfigurationIsVisible = 0;
			defaultConfigurationName = Release;
		};
/* End XCConfigurationList section */
	};
	rootObject = 7A250BB423C64A9C00087B1D /* Project object */;
}
